
Microsoft Visual Studio Solution File, Format Version 12.00
# Visual Studio 2013
VisualStudioVersion = 12.0.31101.0
MinimumVisualStudioVersion = 10.0.40219.1
Project("{FAE04EC0-301F-11D3-BF4B-00C04F79EFBC}") = "SportsMarket.Domain", "SportsMarket.Domain\SportsMarket.Domain.csproj", "{31EAC76F-4F65-4F0C-A964-A8E3320BD632}"
EndProject
Project("{FAE04EC0-301F-11D3-BF4B-00C04F79EFBC}") = "SportsMarket.WebUI", "SportsMarket.WebUI\SportsMarket.WebUI.csproj", "{B63D1527-F044-4233-875E-D33F331F36D8}"
EndProject
Global
	GlobalSection(SolutionConfigurationPlatforms) = preSolution
		Debug|Any CPU = Debug|Any CPU
		Release|Any CPU = Release|Any CPU
	EndGlobalSection
	GlobalSection(ProjectConfigurationPlatforms) = postSolution
		{31EAC76F-4F65-4F0C-A964-A8E3320BD632}.Debug|Any CPU.ActiveCfg = Debug|Any CPU
		{31EAC76F-4F65-4F0C-A964-A8E3320BD632}.Debug|Any CPU.Build.0 = Debug|Any CPU
		{31EAC76F-4F65-4F0C-A964-A8E3320BD632}.Release|Any CPU.ActiveCfg = Release|Any CPU
		{31EAC76F-4F65-4F0C-A964-A8E3320BD632}.Release|Any CPU.Build.0 = Release|Any CPU
		{B63D1527-F044-4233-875E-D33F331F36D8}.Debug|Any CPU.ActiveCfg = Debug|Any CPU
		{B63D1527-F044-4233-875E-D33F331F36D8}.Debug|Any CPU.Build.0 = Debug|Any CPU
		{B63D1527-F044-4233-875E-D33F331F36D8}.Release|Any CPU.ActiveCfg = Release|Any CPU
		{B63D1527-F044-4233-875E-D33F331F36D8}.Release|Any CPU.Build.0 = Release|Any CPU
	EndGlobalSection
	GlobalSection(SolutionProperties) = preSolution
		HideSolutionNode = FALSE
	EndGlobalSection
EndGlobal
